
Microsoft Visual Studio Solution File, Format Version 12.00
# Visual Studio Version 17
VisualStudioVersion = 17.0.32014.148
MinimumVisualStudioVersion = 10.0.40219.1
Project("{FAE04EC0-301F-11D3-BF4B-00C04F79EFBC}") = "Snake1", "Snake1.csproj", "{F008826A-EBE1-493C-9926-E64EEB187CD6}"
EndProject
Global
	GlobalSection(SolutionConfigurationPlatforms) = preSolution
		Debug|Any CPU = Debug|Any CPU
		Release|Any CPU = Release|Any CPU
	EndGlobalSection
	GlobalSection(ProjectConfigurationPlatforms) = postSolution
		{F008826A-EBE1-493C-9926-E64EEB187CD6}.Debug|Any CPU.ActiveCfg = Debug|Any CPU
		{F008826A-EBE1-493C-9926-E64EEB187CD6}.Debug|Any CPU.Build.0 = Debug|Any CPU
		{F008826A-EBE1-493C-9926-E64EEB187CD6}.Release|Any CPU.ActiveCfg = Release|Any CPU
		{F008826A-EBE1-493C-9926-E64EEB187CD6}.Release|Any CPU.Build.0 = Release|Any CPU
	EndGlobalSection
	GlobalSection(SolutionProperties) = preSolution
		HideSolutionNode = FALSE
	EndGlobalSection
	GlobalSection(ExtensibilityGlobals) = postSolution
		SolutionGuid = {7CB477AC-F13E-4B5B-8803-ADA6CEBAFBF5}
	EndGlobalSection
EndGlobal
